// !$*UTF8*$!
{
	archiveVersion = 1;
	classes = {
	};
	objectVersion = 46;
	objects = {

/* Begin PBXBuildFile section */
		1A190B321EFEC32D0051438D /* manifest.json in CopyFiles */ = {isa = PBXBuildFile; fileRef = 1A190B311EFEC32D0051438D /* manifest.json */; };
		1A190B341EFEC32D0051438D /* script.cocoscript in CopyFiles */ = {isa = PBXBuildFile; fileRef = 1A190B331EFEC32D0051438D /* script.cocoscript */; };
		1A190B4F1EFEC3E30051438D /* InterfaceInspectorRemote.framework in CopyFiles */ = {isa = PBXBuildFile; fileRef = 1A190B4D1EFEC3570051438D /* InterfaceInspectorRemote.framework */; settings = {ATTRIBUTES = (CodeSignOnCopy, RemoveHeadersOnCopy, ); }; };
/* End PBXBuildFile section */

/* Begin PBXCopyFilesBuildPhase section */
		1A190B2B1EFEC32D0051438D /* CopyFiles */ = {
			isa = PBXCopyFilesBuildPhase;
			buildActionMask = 2147483647;
			dstPath = Contents/Sketch;
			dstSubfolderSpec = 1;
			files = (
				1A190B321EFEC32D0051438D /* manifest.json in CopyFiles */,
				1A190B341EFEC32D0051438D /* script.cocoscript in CopyFiles */,
				1A190B4F1EFEC3E30051438D /* InterfaceInspectorRemote.framework in CopyFiles */,
			);
			runOnlyForDeploymentPostprocessing = 0;
		};
/* End PBXCopyFilesBuildPhase section */

/* Begin PBXFileReference section */
		1A190B2E1EFEC32D0051438D /* InterfaceInspector.sketchplugin */ = {isa = PBXFileReference; explicitFileType = wrapper.cfbundle; includeInIndex = 0; path = InterfaceInspector.sketchplugin; sourceTree = BUILT_PRODUCTS_DIR; };
		1A190B311EFEC32D0051438D /* manifest.json */ = {isa = PBXFileReference; lastKnownFileType = text.json; path = manifest.json; sourceTree = "<group>"; };
		1A190B331EFEC32D0051438D /* script.cocoscript */ = {isa = PBXFileReference; lastKnownFileType = text; path = script.cocoscript; sourceTree = "<group>"; };
		1A190B351EFEC32D0051438D /* Info.plist */ = {isa = PBXFileReference; lastKnownFileType = text.plist.xml; path = Info.plist; sourceTree = "<group>"; };
		1A190B4D1EFEC3570051438D /* InterfaceInspectorRemote.framework */ = {isa = PBXFileReference; lastKnownFileType = wrapper.framework; name = InterfaceInspectorRemote.framework; path = InterfaceInspectorFramework/InterfaceInspectorRemote.framework; sourceTree = SOURCE_ROOT; };
/* End PBXFileReference section */

/* Begin PBXFrameworksBuildPhase section */
		1A190B2A1EFEC32D0051438D /* Frameworks */ = {
			isa = PBXFrameworksBuildPhase;
			buildActionMask = 2147483647;
			files = (
			);
			runOnlyForDeploymentPostprocessing = 0;
		};
/* End PBXFrameworksBuildPhase section */

/* Begin PBXGroup section */
		1A190B241EFEC32D0051438D = {
			isa = PBXGroup;
			children = (
				1A190B301EFEC32D0051438D /* InterfaceInspector */,
				1A190B2F1EFEC32D0051438D /* Products */,
			);
			sourceTree = "<group>";
		};
		1A190B2F1EFEC32D0051438D /* Products */ = {
			isa = PBXGroup;
			children = (
				1A190B2E1EFEC32D0051438D /* InterfaceInspector.sketchplugin */,
			);
			name = Products;
			sourceTree = "<group>";
		};
		1A190B301EFEC32D0051438D /* InterfaceInspector */ = {
			isa = PBXGroup;
			children = (
				1A190B311EFEC32D0051438D /* manifest.json */,
				1A190B331EFEC32D0051438D /* script.cocoscript */,
				1A190B351EFEC32D0051438D /* Info.plist */,
				1A190B4D1EFEC3570051438D /* InterfaceInspectorRemote.framework */,
			);
			path = InterfaceInspector;
			sourceTree = "<group>";
		};
/* End PBXGroup section */

/* Begin PBXNativeTarget section */
		1A190B2D1EFEC32D0051438D /* InterfaceInspector */ = {
			isa = PBXNativeTarget;
			buildConfigurationList = 1A190B381EFEC32D0051438D /* Build configuration list for PBXNativeTarget "InterfaceInspector" */;
			buildPhases = (
				1A190B291EFEC32D0051438D /* Sources */,
				1A190B2A1EFEC32D0051438D /* Frameworks */,
				1A190B2B1EFEC32D0051438D /* CopyFiles */,
				1A190B2C1EFEC32D0051438D /* ShellScript */,
				1A00551E1F010D70009CE405 /* ShellScript */,
			);
			buildRules = (
			);
			dependencies = (
			);
			name = InterfaceInspector;
			productName = InterfaceInspector;
			productReference = 1A190B2E1EFEC32D0051438D /* InterfaceInspector.sketchplugin */;
			productType = "com.apple.product-type.bundle";
		};
/* End PBXNativeTarget section */

/* Begin PBXProject section */
		1A190B251EFEC32D0051438D /* Project object */ = {
			isa = PBXProject;
			attributes = {
				LastUpgradeCheck = 0820;
				ORGANIZATIONNAME = MagicSketch;
				TargetAttributes = {
					1A190B2D1EFEC32D0051438D = {
						CreatedOnToolsVersion = 8.2;
						ProvisioningStyle = Automatic;
					};
				};
			};
			buildConfigurationList = 1A190B281EFEC32D0051438D /* Build configuration list for PBXProject "InterfaceInspector" */;
			compatibilityVersion = "Xcode 3.2";
			developmentRegion = English;
			hasScannedForEncodings = 0;
			knownRegions = (
				en,
			);
			mainGroup = 1A190B241EFEC32D0051438D;
			productRefGroup = 1A190B2F1EFEC32D0051438D /* Products */;
			projectDirPath = "";
			projectRoot = "";
			targets = (
				1A190B2D1EFEC32D0051438D /* InterfaceInspector */,
			);
		};
/* End PBXProject section */

/* Begin PBXShellScriptBuildPhase section */
		1A00551E1F010D70009CE405 /* ShellScript */ = {
			isa = PBXShellScriptBuildPhase;
			buildActionMask = 2147483647;
			files = (
			);
			inputPaths = (
			);
			outputPaths = (
			);
			runOnlyForDeploymentPostprocessing = 0;
			shellPath = /bin/sh;
			shellScript = "f1=\"manifest.json\"\necho \"CONFIGURATION_BUILD_DIR = $CONFIGURATION_BUILD_DIR\"\necho \"CONTENTS_FOLDER_PATH = $CONTENTS_FOLDER_PATH\"\necho \"__VERSION__ = $__VERSION__\"\necho \"__BUILD__ = $__BUILD__\"\necho \"__IDENTIFIER__ = $__IDENTIFIER__\"\nf2=\"$CONFIGURATION_BUILD_DIR/$CONTENTS_FOLDER_PATH/Sketch/$f1\"\nif [ -f $f2 ]; then\nsed -i \"\" -e \"s/__VERSION__/$__VERSION__/g\" \"$f2\"\nsed -i \"\" -e \"s/__BUILD__/$__BUILD__/g\" \"$f2\"\nsed -i \"\" -e \"s/__IDENTIFIER__/$__IDENTIFIER__/g\" \"$f2\"\n#atom \"$f2\"\nelse\necho \"File not found: $f2\"\nfi\n";
		};
		1A190B2C1EFEC32D0051438D /* ShellScript */ = {
			isa = PBXShellScriptBuildPhase;
			buildActionMask = 2147483647;
			files = (
			);
			inputPaths = (
			);
			outputPaths = (
			);
			runOnlyForDeploymentPostprocessing = 0;
			shellPath = /bin/sh;
			shellScript = "echo \"Installing ${WRAPPER_NAME} to ~/Library/Application\\ Support/com.bohemiancoding.sketch3/Plugins/\"\ncp -rf ${BUILT_PRODUCTS_DIR}/${WRAPPER_NAME} ~/Library/Application\\ Support/com.bohemiancoding.sketch3/Plugins/\necho \"... Finished!\"";
		};
/* End PBXShellScriptBuildPhase section */

/* Begin PBXSourcesBuildPhase section */
		1A190B291EFEC32D0051438D /* Sources */ = {
			isa = PBXSourcesBuildPhase;
			buildActionMask = 2147483647;
			files = (
			);
			runOnlyForDeploymentPostprocessing = 0;
		};
/* End PBXSourcesBuildPhase section */

/* Begin XCBuildConfiguration section */
		1A190B361EFEC32D0051438D /* Debug */ = {
			isa = XCBuildConfiguration;
			buildSettings = {
				ALWAYS_SEARCH_USER_PATHS = NO;
				CLANG_ANALYZER_NONNULL = YES;
				CLANG_CXX_LANGUAGE_STANDARD = "gnu++0x";
				CLANG_CXX_LIBRARY = "libc++";
				CLANG_ENABLE_MODULES = YES;
				CLANG_ENABLE_OBJC_ARC = YES;
				CLANG_WARN_BOOL_CONVERSION = YES;
				CLANG_WARN_CONSTANT_CONVERSION = YES;
				CLANG_WARN_DIRECT_OBJC_ISA_USAGE = YES_ERROR;
				CLANG_WARN_DOCUMENTATION_COMMENTS = YES;
				CLANG_WARN_EMPTY_BODY = YES;
				CLANG_WARN_ENUM_CONVERSION = YES;
				CLANG_WARN_INFINITE_RECURSION = YES;
				CLANG_WARN_INT_CONVERSION = YES;
				CLANG_WARN_OBJC_ROOT_CLASS = YES_ERROR;
				CLANG_WARN_SUSPICIOUS_MOVE = YES;
				CLANG_WARN_UNREACHABLE_CODE = YES;
				CLANG_WARN__DUPLICATE_METHOD_MATCH = YES;
				CODE_SIGN_IDENTITY = "-";
				COPY_PHASE_STRIP = NO;
				DEBUG_INFORMATION_FORMAT = dwarf;
				ENABLE_STRICT_OBJC_MSGSEND = YES;
				ENABLE_TESTABILITY = YES;
				GCC_C_LANGUAGE_STANDARD = gnu99;
				GCC_DYNAMIC_NO_PIC = NO;
				GCC_NO_COMMON_BLOCKS = YES;
				GCC_OPTIMIZATION_LEVEL = 0;
				GCC_PREPROCESSOR_DEFINITIONS = (
					"DEBUG=1",
					"$(inherited)",
				);
				GCC_WARN_64_TO_32_BIT_CONVERSION = YES;
				GCC_WARN_ABOUT_RETURN_TYPE = YES_ERROR;
				GCC_WARN_UNDECLARED_SELECTOR = YES;
				GCC_WARN_UNINITIALIZED_AUTOS = YES_AGGRESSIVE;
				GCC_WARN_UNUSED_FUNCTION = YES;
				GCC_WARN_UNUSED_VARIABLE = YES;
				MACOSX_DEPLOYMENT_TARGET = 10.12;
				MTL_ENABLE_DEBUG_INFO = YES;
				ONLY_ACTIVE_ARCH = YES;
				SDKROOT = macosx;
			};
			name = Debug;
		};
		1A190B371EFEC32D0051438D /* Release */ = {
			isa = XCBuildConfiguration;
			buildSettings = {
				ALWAYS_SEARCH_USER_PATHS = NO;
				CLANG_ANALYZER_NONNULL = YES;
				CLANG_CXX_LANGUAGE_STANDARD = "gnu++0x";
				CLANG_CXX_LIBRARY = "libc++";
				CLANG_ENABLE_MODULES = YES;
				CLANG_ENABLE_OBJC_ARC = YES;
				CLANG_WARN_BOOL_CONVERSION = YES;
				CLANG_WARN_CONSTANT_CONVERSION = YES;
				CLANG_WARN_DIRECT_OBJC_ISA_USAGE = YES_ERROR;
				CLANG_WARN_DOCUMENTATION_COMMENTS = YES;
				CLANG_WARN_EMPTY_BODY = YES;
				CLANG_WARN_ENUM_CONVERSION = YES;
				CLANG_WARN_INFINITE_RECURSION = YES;
				CLANG_WARN_INT_CONVERSION = YES;
				CLANG_WARN_OBJC_ROOT_CLASS = YES_ERROR;
				CLANG_WARN_SUSPICIOUS_MOVE = YES;
				CLANG_WARN_UNREACHABLE_CODE = YES;
				CLANG_WARN__DUPLICATE_METHOD_MATCH = YES;
				CODE_SIGN_IDENTITY = "-";
				COPY_PHASE_STRIP = NO;
				DEBUG_INFORMATION_FORMAT = "dwarf-with-dsym";
				ENABLE_NS_ASSERTIONS = NO;
				ENABLE_STRICT_OBJC_MSGSEND = YES;
				GCC_C_LANGUAGE_STANDARD = gnu99;
				GCC_NO_COMMON_BLOCKS = YES;
				GCC_WARN_64_TO_32_BIT_CONVERSION = YES;
				GCC_WARN_ABOUT_RETURN_TYPE = YES_ERROR;
				GCC_WARN_UNDECLARED_SELECTOR = YES;
				GCC_WARN_UNINITIALIZED_AUTOS = YES_AGGRESSIVE;
				GCC_WARN_UNUSED_FUNCTION = YES;
				GCC_WARN_UNUSED_VARIABLE = YES;
				MACOSX_DEPLOYMENT_TARGET = 10.12;
				MTL_ENABLE_DEBUG_INFO = NO;
				SDKROOT = macosx;
			};
			name = Release;
		};
		1A190B391EFEC32D0051438D /* Debug */ = {
			isa = XCBuildConfiguration;
			buildSettings = {
				COMBINE_HIDPI_IMAGES = YES;
				INFOPLIST_FILE = InterfaceInspector/Info.plist;
				INSTALL_PATH = "$(LOCAL_LIBRARY_DIR)/Bundles";
				PRODUCT_BUNDLE_IDENTIFIER = "----IDENTIFIER---";
				PRODUCT_NAME = "$(TARGET_NAME)";
				SKIP_INSTALL = YES;
				WRAPPER_EXTENSION = sketchplugin;
				__BUILD__ = 2;
				__IDENTIFIER__ = io.magicsketch.InterfaceInspectorRemote;
				__VERSION__ = 1.0;
			};
			name = Debug;
		};
		1A190B3A1EFEC32D0051438D /* Release */ = {
			isa = XCBuildConfiguration;
			buildSettings = {
				COMBINE_HIDPI_IMAGES = YES;
				INFOPLIST_FILE = InterfaceInspector/Info.plist;
				INSTALL_PATH = "$(LOCAL_LIBRARY_DIR)/Bundles";
				PRODUCT_BUNDLE_IDENTIFIER = "----IDENTIFIER---";
				PRODUCT_NAME = "$(TARGET_NAME)";
				SKIP_INSTALL = YES;
				WRAPPER_EXTENSION = sketchplugin;
				__BUILD__ = 2;
				__IDENTIFIER__ = io.magicsketch.InterfaceInspectorRemote;
				__VERSION__ = 1.0;
			};
			name = Release;
		};
/* End XCBuildConfiguration section */

/* Begin XCConfigurationList section */
		1A190B281EFEC32D0051438D /* Build configuration list for PBXProject "InterfaceInspector" */ = {
			isa = XCConfigurationList;
			buildConfigurations = (
				1A190B361EFEC32D0051438D /* Debug */,
				1A190B371EFEC32D0051438D /* Release */,
			);
			defaultConfigurationIsVisible = 0;
			defaultConfigurationName = Release;
		};
		1A190B381EFEC32D0051438D /* Build configuration list for PBXNativeTarget "InterfaceInspector" */ = {
			isa = XCConfigurationList;
			buildConfigurations = (
				1A190B391EFEC32D0051438D /* Debug */,
				1A190B3A1EFEC32D0051438D /* Release */,
			);
			defaultConfigurationIsVisible = 0;
			defaultConfigurationName = Release;
		};
/* End XCConfigurationList section */
	};
	rootObject = 1A190B251EFEC32D0051438D /* Project object */;
}
